// !$*UTF8*$!
{
	archiveVersion = 1;
	classes = {
	};
	objectVersion = 46;
	objects = {

/* Begin PBXBuildFile section */
		CA5AB7711E5804FD00C7BFB7 /* Pods_boyz.framework in Frameworks */ = {isa = PBXBuildFile; fileRef = DF42BF300C3B7D9CB78DC05D /* Pods_boyz.framework */; };
		CA5AB7761E58233600C7BFB7 /* UserNotifications.framework in Frameworks */ = {isa = PBXBuildFile; fileRef = CA5AB7751E58233600C7BFB7 /* UserNotifications.framework */; };
		CA5AB7781E58233C00C7BFB7 /* UserNotificationsUI.framework in Frameworks */ = {isa = PBXBuildFile; fileRef = CA5AB7771E58233C00C7BFB7 /* UserNotificationsUI.framework */; };
		CA772DB71E57F3870017EC0B /* AppDelegate.swift in Sources */ = {isa = PBXBuildFile; fileRef = CA772DB61E57F3870017EC0B /* AppDelegate.swift */; };
		CA772DB91E57F3870017EC0B /* ViewController.swift in Sources */ = {isa = PBXBuildFile; fileRef = CA772DB81E57F3870017EC0B /* ViewController.swift */; };
		CA772DBC1E57F3870017EC0B /* Main.storyboard in Resources */ = {isa = PBXBuildFile; fileRef = CA772DBA1E57F3870017EC0B /* Main.storyboard */; };
		CA772DBE1E57F3870017EC0B /* Assets.xcassets in Resources */ = {isa = PBXBuildFile; fileRef = CA772DBD1E57F3870017EC0B /* Assets.xcassets */; };
		CA772DC11E57F3870017EC0B /* LaunchScreen.storyboard in Resources */ = {isa = PBXBuildFile; fileRef = CA772DBF1E57F3870017EC0B /* LaunchScreen.storyboard */; };
		CA772DCC1E57F3870017EC0B /* boyzTests.swift in Sources */ = {isa = PBXBuildFile; fileRef = CA772DCB1E57F3870017EC0B /* boyzTests.swift */; };
		CA772DD71E57F3870017EC0B /* boyzUITests.swift in Sources */ = {isa = PBXBuildFile; fileRef = CA772DD61E57F3870017EC0B /* boyzUITests.swift */; };
		CAE512CF1E57F9BC00DF52D2 /* CoreLocation.framework in Frameworks */ = {isa = PBXBuildFile; fileRef = CAE512CE1E57F9BC00DF52D2 /* CoreLocation.framework */; };
		CAFA9F7E1E58037B00FEBA12 /* FacebookCore.framework in Frameworks */ = {isa = PBXBuildFile; fileRef = CAFA9F7D1E58037B00FEBA12 /* FacebookCore.framework */; };
		CAFA9F801E58037F00FEBA12 /* FacebookLogin.framework in Frameworks */ = {isa = PBXBuildFile; fileRef = CAFA9F7F1E58037F00FEBA12 /* FacebookLogin.framework */; };
		CAFA9F821E58038200FEBA12 /* FacebookShare.framework in Frameworks */ = {isa = PBXBuildFile; fileRef = CAFA9F811E58038200FEBA12 /* FacebookShare.framework */; };
/* End PBXBuildFile section */

/* Begin PBXContainerItemProxy section */
		CA772DC81E57F3870017EC0B /* PBXContainerItemProxy */ = {
			isa = PBXContainerItemProxy;
			containerPortal = CA772DAB1E57F3870017EC0B /* Project object */;
			proxyType = 1;
			remoteGlobalIDString = CA772DB21E57F3870017EC0B;
			remoteInfo = boyz;
		};
		CA772DD31E57F3870017EC0B /* PBXContainerItemProxy */ = {
			isa = PBXContainerItemProxy;
			containerPortal = CA772DAB1E57F3870017EC0B /* Project object */;
			proxyType = 1;
			remoteGlobalIDString = CA772DB21E57F3870017EC0B;
			remoteInfo = boyz;
		};
/* End PBXContainerItemProxy section */

/* Begin PBXFileReference section */
		C513289C345B2CE774C8703A /* Pods-boyz.release.xcconfig */ = {isa = PBXFileReference; includeInIndex = 1; lastKnownFileType = text.xcconfig; name = "Pods-boyz.release.xcconfig"; path = "../Pods/Target Support Files/Pods-boyz/Pods-boyz.release.xcconfig"; sourceTree = "<group>"; };
		CA5AB7741E581F7700C7BFB7 /* boyz.entitlements */ = {isa = PBXFileReference; lastKnownFileType = text.plist.entitlements; path = boyz.entitlements; sourceTree = "<group>"; };
		CA5AB7751E58233600C7BFB7 /* UserNotifications.framework */ = {isa = PBXFileReference; lastKnownFileType = wrapper.framework; name = UserNotifications.framework; path = System/Library/Frameworks/UserNotifications.framework; sourceTree = SDKROOT; };
		CA5AB7771E58233C00C7BFB7 /* UserNotificationsUI.framework */ = {isa = PBXFileReference; lastKnownFileType = wrapper.framework; name = UserNotificationsUI.framework; path = System/Library/Frameworks/UserNotificationsUI.framework; sourceTree = SDKROOT; };
		CA772DB31E57F3870017EC0B /* boyz.app */ = {isa = PBXFileReference; explicitFileType = wrapper.application; includeInIndex = 0; path = boyz.app; sourceTree = BUILT_PRODUCTS_DIR; };
		CA772DB61E57F3870017EC0B /* AppDelegate.swift */ = {isa = PBXFileReference; lastKnownFileType = sourcecode.swift; path = AppDelegate.swift; sourceTree = "<group>"; };
		CA772DB81E57F3870017EC0B /* ViewController.swift */ = {isa = PBXFileReference; lastKnownFileType = sourcecode.swift; path = ViewController.swift; sourceTree = "<group>"; };
		CA772DBB1E57F3870017EC0B /* Base */ = {isa = PBXFileReference; lastKnownFileType = file.storyboard; name = Base; path = Base.lproj/Main.storyboard; sourceTree = "<group>"; };
		CA772DBD1E57F3870017EC0B /* Assets.xcassets */ = {isa = PBXFileReference; lastKnownFileType = folder.assetcatalog; path = Assets.xcassets; sourceTree = "<group>"; };
		CA772DC01E57F3870017EC0B /* Base */ = {isa = PBXFileReference; lastKnownFileType = file.storyboard; name = Base; path = Base.lproj/LaunchScreen.storyboard; sourceTree = "<group>"; };
		CA772DC21E57F3870017EC0B /* Info.plist */ = {isa = PBXFileReference; lastKnownFileType = text.plist.xml; path = Info.plist; sourceTree = "<group>"; };
		CA772DC71E57F3870017EC0B /* boyzTests.xctest */ = {isa = PBXFileReference; explicitFileType = wrapper.cfbundle; includeInIndex = 0; path = boyzTests.xctest; sourceTree = BUILT_PRODUCTS_DIR; };
		CA772DCB1E57F3870017EC0B /* boyzTests.swift */ = {isa = PBXFileReference; lastKnownFileType = sourcecode.swift; path = boyzTests.swift; sourceTree = "<group>"; };
		CA772DCD1E57F3870017EC0B /* Info.plist */ = {isa = PBXFileReference; lastKnownFileType = text.plist.xml; path = Info.plist; sourceTree = "<group>"; };
		CA772DD21E57F3870017EC0B /* boyzUITests.xctest */ = {isa = PBXFileReference; explicitFileType = wrapper.cfbundle; includeInIndex = 0; path = boyzUITests.xctest; sourceTree = BUILT_PRODUCTS_DIR; };
		CA772DD61E57F3870017EC0B /* boyzUITests.swift */ = {isa = PBXFileReference; lastKnownFileType = sourcecode.swift; path = boyzUITests.swift; sourceTree = "<group>"; };
		CA772DD81E57F3870017EC0B /* Info.plist */ = {isa = PBXFileReference; lastKnownFileType = text.plist.xml; path = Info.plist; sourceTree = "<group>"; };
		CAE512CE1E57F9BC00DF52D2 /* CoreLocation.framework */ = {isa = PBXFileReference; lastKnownFileType = wrapper.framework; name = CoreLocation.framework; path = System/Library/Frameworks/CoreLocation.framework; sourceTree = SDKROOT; };
		CAFA9F7D1E58037B00FEBA12 /* FacebookCore.framework */ = {isa = PBXFileReference; lastKnownFileType = wrapper.framework; name = FacebookCore.framework; path = "../../../Library/Developer/Xcode/DerivedData/boyz-apjaabqwexvjougbtwhgompgrrzy/Build/Products/Debug-iphoneos/FacebookCore/FacebookCore.framework"; sourceTree = "<group>"; };
		CAFA9F7F1E58037F00FEBA12 /* FacebookLogin.framework */ = {isa = PBXFileReference; lastKnownFileType = wrapper.framework; name = FacebookLogin.framework; path = "../../../Library/Developer/Xcode/DerivedData/boyz-apjaabqwexvjougbtwhgompgrrzy/Build/Products/Debug-iphoneos/FacebookLogin/FacebookLogin.framework"; sourceTree = "<group>"; };
		CAFA9F811E58038200FEBA12 /* FacebookShare.framework */ = {isa = PBXFileReference; lastKnownFileType = wrapper.framework; name = FacebookShare.framework; path = "../../../Library/Developer/Xcode/DerivedData/boyz-apjaabqwexvjougbtwhgompgrrzy/Build/Products/Debug-iphoneos/FacebookShare/FacebookShare.framework"; sourceTree = "<group>"; };
		CB3F33607ECD7848535DEF42 /* Pods-boyz.debug.xcconfig */ = {isa = PBXFileReference; includeInIndex = 1; lastKnownFileType = text.xcconfig; name = "Pods-boyz.debug.xcconfig"; path = "../Pods/Target Support Files/Pods-boyz/Pods-boyz.debug.xcconfig"; sourceTree = "<group>"; };
		DF42BF300C3B7D9CB78DC05D /* Pods_boyz.framework */ = {isa = PBXFileReference; explicitFileType = wrapper.framework; includeInIndex = 0; path = Pods_boyz.framework; sourceTree = BUILT_PRODUCTS_DIR; };
/* End PBXFileReference section */

/* Begin PBXFrameworksBuildPhase section */
		CA772DB01E57F3870017EC0B /* Frameworks */ = {
			isa = PBXFrameworksBuildPhase;
			buildActionMask = 2147483647;
			files = (
				CA5AB7781E58233C00C7BFB7 /* UserNotificationsUI.framework in Frameworks */,
				CA5AB7761E58233600C7BFB7 /* UserNotifications.framework in Frameworks */,
				CAFA9F821E58038200FEBA12 /* FacebookShare.framework in Frameworks */,
				CAFA9F801E58037F00FEBA12 /* FacebookLogin.framework in Frameworks */,
				CAFA9F7E1E58037B00FEBA12 /* FacebookCore.framework in Frameworks */,
				CAE512CF1E57F9BC00DF52D2 /* CoreLocation.framework in Frameworks */,
				CA5AB7711E5804FD00C7BFB7 /* Pods_boyz.framework in Frameworks */,
			);
			runOnlyForDeploymentPostprocessing = 0;
		};
		CA772DC41E57F3870017EC0B /* Frameworks */ = {
			isa = PBXFrameworksBuildPhase;
			buildActionMask = 2147483647;
			files = (
			);
			runOnlyForDeploymentPostprocessing = 0;
		};
		CA772DCF1E57F3870017EC0B /* Frameworks */ = {
			isa = PBXFrameworksBuildPhase;
			buildActionMask = 2147483647;
			files = (
			);
			runOnlyForDeploymentPostprocessing = 0;
		};
/* End PBXFrameworksBuildPhase section */

/* Begin PBXGroup section */
		07023CDBB1A0627D821D6BE9 /* Pods */ = {
			isa = PBXGroup;
			children = (
				CB3F33607ECD7848535DEF42 /* Pods-boyz.debug.xcconfig */,
				C513289C345B2CE774C8703A /* Pods-boyz.release.xcconfig */,
			);
			name = Pods;
			sourceTree = "<group>";
		};
		7F79DDCE6425430E7C283E29 /* Frameworks */ = {
			isa = PBXGroup;
			children = (
				CA5AB7771E58233C00C7BFB7 /* UserNotificationsUI.framework */,
				CA5AB7751E58233600C7BFB7 /* UserNotifications.framework */,
				CAFA9F811E58038200FEBA12 /* FacebookShare.framework */,
				CAFA9F7F1E58037F00FEBA12 /* FacebookLogin.framework */,
				CAFA9F7D1E58037B00FEBA12 /* FacebookCore.framework */,
				CAE512CE1E57F9BC00DF52D2 /* CoreLocation.framework */,
				DF42BF300C3B7D9CB78DC05D /* Pods_boyz.framework */,
			);
			name = Frameworks;
			sourceTree = "<group>";
		};
		CA772DAA1E57F3870017EC0B = {
			isa = PBXGroup;
			children = (
				CA772DB51E57F3870017EC0B /* boyz */,
				CA772DCA1E57F3870017EC0B /* boyzTests */,
				CA772DD51E57F3870017EC0B /* boyzUITests */,
				CA772DB41E57F3870017EC0B /* Products */,
				07023CDBB1A0627D821D6BE9 /* Pods */,
				7F79DDCE6425430E7C283E29 /* Frameworks */,
			);
			sourceTree = "<group>";
		};
		CA772DB41E57F3870017EC0B /* Products */ = {
			isa = PBXGroup;
			children = (
				CA772DB31E57F3870017EC0B /* boyz.app */,
				CA772DC71E57F3870017EC0B /* boyzTests.xctest */,
				CA772DD21E57F3870017EC0B /* boyzUITests.xctest */,
			);
			name = Products;
			sourceTree = "<group>";
		};
		CA772DB51E57F3870017EC0B /* boyz */ = {
			isa = PBXGroup;
			children = (
				CA5AB7741E581F7700C7BFB7 /* boyz.entitlements */,
				CA772DB61E57F3870017EC0B /* AppDelegate.swift */,
				CA772DB81E57F3870017EC0B /* ViewController.swift */,
				CA772DBA1E57F3870017EC0B /* Main.storyboard */,
				CA772DBD1E57F3870017EC0B /* Assets.xcassets */,
				CA772DBF1E57F3870017EC0B /* LaunchScreen.storyboard */,
				CA772DC21E57F3870017EC0B /* Info.plist */,
			);
			path = boyz;
			sourceTree = "<group>";
		};
		CA772DCA1E57F3870017EC0B /* boyzTests */ = {
			isa = PBXGroup;
			children = (
				CA772DCB1E57F3870017EC0B /* boyzTests.swift */,
				CA772DCD1E57F3870017EC0B /* Info.plist */,
			);
			path = boyzTests;
			sourceTree = "<group>";
		};
		CA772DD51E57F3870017EC0B /* boyzUITests */ = {
			isa = PBXGroup;
			children = (
				CA772DD61E57F3870017EC0B /* boyzUITests.swift */,
				CA772DD81E57F3870017EC0B /* Info.plist */,
			);
			path = boyzUITests;
			sourceTree = "<group>";
		};
/* End PBXGroup section */

/* Begin PBXNativeTarget section */
		CA772DB21E57F3870017EC0B /* boyz */ = {
			isa = PBXNativeTarget;
			buildConfigurationList = CA772DDB1E57F3870017EC0B /* Build configuration list for PBXNativeTarget "boyz" */;
			buildPhases = (
				E26C74CD04909A67023DCBC4 /* [CP] Check Pods Manifest.lock */,
				CA772DAF1E57F3870017EC0B /* Sources */,
				CA772DB01E57F3870017EC0B /* Frameworks */,
				CA772DB11E57F3870017EC0B /* Resources */,
				1903B46944125EDF2E38625D /* [CP] Embed Pods Frameworks */,
				A9A024084D81B3C224874CE3 /* [CP] Copy Pods Resources */,
			);
			buildRules = (
			);
			dependencies = (
			);
			name = boyz;
			productName = boyz;
			productReference = CA772DB31E57F3870017EC0B /* boyz.app */;
			productType = "com.apple.product-type.application";
		};
		CA772DC61E57F3870017EC0B /* boyzTests */ = {
			isa = PBXNativeTarget;
			buildConfigurationList = CA772DDE1E57F3870017EC0B /* Build configuration list for PBXNativeTarget "boyzTests" */;
			buildPhases = (
				CA772DC31E57F3870017EC0B /* Sources */,
				CA772DC41E57F3870017EC0B /* Frameworks */,
				CA772DC51E57F3870017EC0B /* Resources */,
			);
			buildRules = (
			);
			dependencies = (
				CA772DC91E57F3870017EC0B /* PBXTargetDependency */,
			);
			name = boyzTests;
			productName = boyzTests;
			productReference = CA772DC71E57F3870017EC0B /* boyzTests.xctest */;
			productType = "com.apple.product-type.bundle.unit-test";
		};
		CA772DD11E57F3870017EC0B /* boyzUITests */ = {
			isa = PBXNativeTarget;
			buildConfigurationList = CA772DE11E57F3870017EC0B /* Build configuration list for PBXNativeTarget "boyzUITests" */;
			buildPhases = (
				CA772DCE1E57F3870017EC0B /* Sources */,
				CA772DCF1E57F3870017EC0B /* Frameworks */,
				CA772DD01E57F3870017EC0B /* Resources */,
			);
			buildRules = (
			);
			dependencies = (
				CA772DD41E57F3870017EC0B /* PBXTargetDependency */,
			);
			name = boyzUITests;
			productName = boyzUITests;
			productReference = CA772DD21E57F3870017EC0B /* boyzUITests.xctest */;
			productType = "com.apple.product-type.bundle.ui-testing";
		};
/* End PBXNativeTarget section */

/* Begin PBXProject section */
		CA772DAB1E57F3870017EC0B /* Project object */ = {
			isa = PBXProject;
			attributes = {
				LastSwiftUpdateCheck = 0820;
				LastUpgradeCheck = 0820;
				ORGANIZATIONNAME = "Arthur De Araujo";
				TargetAttributes = {
					CA772DB21E57F3870017EC0B = {
						CreatedOnToolsVersion = 8.2.1;
						DevelopmentTeam = 72H7NZKH7W;
						ProvisioningStyle = Automatic;
						SystemCapabilities = {
							com.apple.Push = {
								enabled = 1;
							};
						};
					};
					CA772DC61E57F3870017EC0B = {
						CreatedOnToolsVersion = 8.2.1;
						DevelopmentTeam = DTD828FQW2;
						ProvisioningStyle = Automatic;
						TestTargetID = CA772DB21E57F3870017EC0B;
					};
					CA772DD11E57F3870017EC0B = {
						CreatedOnToolsVersion = 8.2.1;
						DevelopmentTeam = DTD828FQW2;
						ProvisioningStyle = Automatic;
						TestTargetID = CA772DB21E57F3870017EC0B;
					};
				};
			};
			buildConfigurationList = CA772DAE1E57F3870017EC0B /* Build configuration list for PBXProject "boyz" */;
			compatibilityVersion = "Xcode 3.2";
			developmentRegion = English;
			hasScannedForEncodings = 0;
			knownRegions = (
				en,
				Base,
			);
			mainGroup = CA772DAA1E57F3870017EC0B;
			productRefGroup = CA772DB41E57F3870017EC0B /* Products */;
			projectDirPath = "";
			projectRoot = "";
			targets = (
				CA772DB21E57F3870017EC0B /* boyz */,
				CA772DC61E57F3870017EC0B /* boyzTests */,
				CA772DD11E57F3870017EC0B /* boyzUITests */,
			);
		};
/* End PBXProject section */

/* Begin PBXResourcesBuildPhase section */
		CA772DB11E57F3870017EC0B /* Resources */ = {
			isa = PBXResourcesBuildPhase;
			buildActionMask = 2147483647;
			files = (
				CA772DC11E57F3870017EC0B /* LaunchScreen.storyboard in Resources */,
				CA772DBE1E57F3870017EC0B /* Assets.xcassets in Resources */,
				CA772DBC1E57F3870017EC0B /* Main.storyboard in Resources */,
			);
			runOnlyForDeploymentPostprocessing = 0;
		};
		CA772DC51E57F3870017EC0B /* Resources */ = {
			isa = PBXResourcesBuildPhase;
			buildActionMask = 2147483647;
			files = (
			);
			runOnlyForDeploymentPostprocessing = 0;
		};
		CA772DD01E57F3870017EC0B /* Resources */ = {
			isa = PBXResourcesBuildPhase;
			buildActionMask = 2147483647;
			files = (
			);
			runOnlyForDeploymentPostprocessing = 0;
		};
/* End PBXResourcesBuildPhase section */

/* Begin PBXShellScriptBuildPhase section */
		1903B46944125EDF2E38625D /* [CP] Embed Pods Frameworks */ = {
			isa = PBXShellScriptBuildPhase;
			buildActionMask = 2147483647;
			files = (
			);
			inputPaths = (
			);
			name = "[CP] Embed Pods Frameworks";
			outputPaths = (
			);
			runOnlyForDeploymentPostprocessing = 0;
			shellPath = /bin/sh;
			shellScript = "\"${SRCROOT}/../Pods/Target Support Files/Pods-boyz/Pods-boyz-frameworks.sh\"\n";
			showEnvVarsInLog = 0;
		};
		A9A024084D81B3C224874CE3 /* [CP] Copy Pods Resources */ = {
			isa = PBXShellScriptBuildPhase;
			buildActionMask = 2147483647;
			files = (
			);
			inputPaths = (
			);
			name = "[CP] Copy Pods Resources";
			outputPaths = (
			);
			runOnlyForDeploymentPostprocessing = 0;
			shellPath = /bin/sh;
			shellScript = "\"${SRCROOT}/../Pods/Target Support Files/Pods-boyz/Pods-boyz-resources.sh\"\n";
			showEnvVarsInLog = 0;
		};
		E26C74CD04909A67023DCBC4 /* [CP] Check Pods Manifest.lock */ = {
			isa = PBXShellScriptBuildPhase;
			buildActionMask = 2147483647;
			files = (
			);
			inputPaths = (
			);
			name = "[CP] Check Pods Manifest.lock";
			outputPaths = (
			);
			runOnlyForDeploymentPostprocessing = 0;
			shellPath = /bin/sh;
			shellScript = "diff \"${PODS_ROOT}/../Podfile.lock\" \"${PODS_ROOT}/Manifest.lock\" > /dev/null\nif [ $? != 0 ] ; then\n    # print error to STDERR\n    echo \"error: The sandbox is not in sync with the Podfile.lock. Run 'pod install' or update your CocoaPods installation.\" >&2\n    exit 1\nfi\n";
			showEnvVarsInLog = 0;
		};
/* End PBXShellScriptBuildPhase section */

/* Begin PBXSourcesBuildPhase section */
		CA772DAF1E57F3870017EC0B /* Sources */ = {
			isa = PBXSourcesBuildPhase;
			buildActionMask = 2147483647;
			files = (
				CA772DB91E57F3870017EC0B /* ViewController.swift in Sources */,
				CA772DB71E57F3870017EC0B /* AppDelegate.swift in Sources */,
			);
			runOnlyForDeploymentPostprocessing = 0;
		};
		CA772DC31E57F3870017EC0B /* Sources */ = {
			isa = PBXSourcesBuildPhase;
			buildActionMask = 2147483647;
			files = (
				CA772DCC1E57F3870017EC0B /* boyzTests.swift in Sources */,
			);
			runOnlyForDeploymentPostprocessing = 0;
		};
		CA772DCE1E57F3870017EC0B /* Sources */ = {
			isa = PBXSourcesBuildPhase;
			buildActionMask = 2147483647;
			files = (
				CA772DD71E57F3870017EC0B /* boyzUITests.swift in Sources */,
			);
			runOnlyForDeploymentPostprocessing = 0;
		};
/* End PBXSourcesBuildPhase section */

/* Begin PBXTargetDependency section */
		CA772DC91E57F3870017EC0B /* PBXTargetDependency */ = {
			isa = PBXTargetDependency;
			target = CA772DB21E57F3870017EC0B /* boyz */;
			targetProxy = CA772DC81E57F3870017EC0B /* PBXContainerItemProxy */;
		};
		CA772DD41E57F3870017EC0B /* PBXTargetDependency */ = {
			isa = PBXTargetDependency;
			target = CA772DB21E57F3870017EC0B /* boyz */;
			targetProxy = CA772DD31E57F3870017EC0B /* PBXContainerItemProxy */;
		};
/* End PBXTargetDependency section */

/* Begin PBXVariantGroup section */
		CA772DBA1E57F3870017EC0B /* Main.storyboard */ = {
			isa = PBXVariantGroup;
			children = (
				CA772DBB1E57F3870017EC0B /* Base */,
			);
			name = Main.storyboard;
			sourceTree = "<group>";
		};
		CA772DBF1E57F3870017EC0B /* LaunchScreen.storyboard */ = {
			isa = PBXVariantGroup;
			children = (
				CA772DC01E57F3870017EC0B /* Base */,
			);
			name = LaunchScreen.storyboard;
			sourceTree = "<group>";
		};
/* End PBXVariantGroup section */

/* Begin XCBuildConfiguration section */
		CA772DD91E57F3870017EC0B /* Debug */ = {
			isa = XCBuildConfiguration;
			buildSettings = {
				ALWAYS_SEARCH_USER_PATHS = NO;
				CLANG_ANALYZER_NONNULL = YES;
				CLANG_CXX_LANGUAGE_STANDARD = "gnu++0x";
				CLANG_CXX_LIBRARY = "libc++";
				CLANG_ENABLE_MODULES = YES;
				CLANG_ENABLE_OBJC_ARC = YES;
				CLANG_WARN_BOOL_CONVERSION = YES;
				CLANG_WARN_CONSTANT_CONVERSION = YES;
				CLANG_WARN_DIRECT_OBJC_ISA_USAGE = YES_ERROR;
				CLANG_WARN_DOCUMENTATION_COMMENTS = YES;
				CLANG_WARN_EMPTY_BODY = YES;
				CLANG_WARN_ENUM_CONVERSION = YES;
				CLANG_WARN_INFINITE_RECURSION = YES;
				CLANG_WARN_INT_CONVERSION = YES;
				CLANG_WARN_OBJC_ROOT_CLASS = YES_ERROR;
				CLANG_WARN_SUSPICIOUS_MOVE = YES;
				CLANG_WARN_UNREACHABLE_CODE = YES;
				CLANG_WARN__DUPLICATE_METHOD_MATCH = YES;
				"CODE_SIGN_IDENTITY[sdk=iphoneos*]" = "iPhone Developer";
				COPY_PHASE_STRIP = NO;
				DEBUG_INFORMATION_FORMAT = dwarf;
				ENABLE_STRICT_OBJC_MSGSEND = YES;
				ENABLE_TESTABILITY = YES;
				GCC_C_LANGUAGE_STANDARD = gnu99;
				GCC_DYNAMIC_NO_PIC = NO;
				GCC_NO_COMMON_BLOCKS = YES;
				GCC_OPTIMIZATION_LEVEL = 0;
				GCC_PREPROCESSOR_DEFINITIONS = (
					"DEBUG=1",
					"$(inherited)",
				);
				GCC_WARN_64_TO_32_BIT_CONVERSION = YES;
				GCC_WARN_ABOUT_RETURN_TYPE = YES_ERROR;
				GCC_WARN_UNDECLARED_SELECTOR = YES;
				GCC_WARN_UNINITIALIZED_AUTOS = YES_AGGRESSIVE;
				GCC_WARN_UNUSED_FUNCTION = YES;
				GCC_WARN_UNUSED_VARIABLE = YES;
				IPHONEOS_DEPLOYMENT_TARGET = 10.2;
				MTL_ENABLE_DEBUG_INFO = YES;
				ONLY_ACTIVE_ARCH = YES;
				SDKROOT = iphoneos;
				SWIFT_ACTIVE_COMPILATION_CONDITIONS = DEBUG;
				SWIFT_OPTIMIZATION_LEVEL = "-Onone";
				TARGETED_DEVICE_FAMILY = "1,2";
			};
			name = Debug;
		};
		CA772DDA1E57F3870017EC0B /* Release */ = {
			isa = XCBuildConfiguration;
			buildSettings = {
				ALWAYS_SEARCH_USER_PATHS = NO;
				CLANG_ANALYZER_NONNULL = YES;
				CLANG_CXX_LANGUAGE_STANDARD = "gnu++0x";
				CLANG_CXX_LIBRARY = "libc++";
				CLANG_ENABLE_MODULES = YES;
				CLANG_ENABLE_OBJC_ARC = YES;
				CLANG_WARN_BOOL_CONVERSION = YES;
				CLANG_WARN_CONSTANT_CONVERSION = YES;
				CLANG_WARN_DIRECT_OBJC_ISA_USAGE = YES_ERROR;
				CLANG_WARN_DOCUMENTATION_COMMENTS = YES;
				CLANG_WARN_EMPTY_BODY = YES;
				CLANG_WARN_ENUM_CONVERSION = YES;
				CLANG_WARN_INFINITE_RECURSION = YES;
				CLANG_WARN_INT_CONVERSION = YES;
				CLANG_WARN_OBJC_ROOT_CLASS = YES_ERROR;
				CLANG_WARN_SUSPICIOUS_MOVE = YES;
				CLANG_WARN_UNREACHABLE_CODE = YES;
				CLANG_WARN__DUPLICATE_METHOD_MATCH = YES;
				"CODE_SIGN_IDENTITY[sdk=iphoneos*]" = "iPhone Developer";
				COPY_PHASE_STRIP = NO;
				DEBUG_INFORMATION_FORMAT = "dwarf-with-dsym";
				ENABLE_NS_ASSERTIONS = NO;
				ENABLE_STRICT_OBJC_MSGSEND = YES;
				GCC_C_LANGUAGE_STANDARD = gnu99;
				GCC_NO_COMMON_BLOCKS = YES;
				GCC_WARN_64_TO_32_BIT_CONVERSION = YES;
				GCC_WARN_ABOUT_RETURN_TYPE = YES_ERROR;
				GCC_WARN_UNDECLARED_SELECTOR = YES;
				GCC_WARN_UNINITIALIZED_AUTOS = YES_AGGRESSIVE;
				GCC_WARN_UNUSED_FUNCTION = YES;
				GCC_WARN_UNUSED_VARIABLE = YES;
				IPHONEOS_DEPLOYMENT_TARGET = 10.2;
				MTL_ENABLE_DEBUG_INFO = NO;
				SDKROOT = iphoneos;
				SWIFT_OPTIMIZATION_LEVEL = "-Owholemodule";
				TARGETED_DEVICE_FAMILY = "1,2";
				VALIDATE_PRODUCT = YES;
			};
			name = Release;
		};
		CA772DDC1E57F3870017EC0B /* Debug */ = {
			isa = XCBuildConfiguration;
			baseConfigurationReference = CB3F33607ECD7848535DEF42 /* Pods-boyz.debug.xcconfig */;
			buildSettings = {
				ASSETCATALOG_COMPILER_APPICON_NAME = AppIcon;
				CODE_SIGN_ENTITLEMENTS = boyz/boyz.entitlements;
				DEVELOPMENT_TEAM = 72H7NZKH7W;
				INFOPLIST_FILE = boyz/Info.plist;
				LD_RUNPATH_SEARCH_PATHS = "$(inherited) @executable_path/Frameworks";
				PRODUCT_BUNDLE_IDENTIFIER = com.arthurdearaujo.boyz;
				PRODUCT_NAME = "$(TARGET_NAME)";
				SWIFT_VERSION = 3.0;
			};
			name = Debug;
		};
		CA772DDD1E57F3870017EC0B /* Release */ = {
			isa = XCBuildConfiguration;
			baseConfigurationReference = C513289C345B2CE774C8703A /* Pods-boyz.release.xcconfig */;
			buildSettings = {
				ASSETCATALOG_COMPILER_APPICON_NAME = AppIcon;
				CODE_SIGN_ENTITLEMENTS = boyz/boyz.entitlements;
				DEVELOPMENT_TEAM = 72H7NZKH7W;
				INFOPLIST_FILE = boyz/Info.plist;
				LD_RUNPATH_SEARCH_PATHS = "$(inherited) @executable_path/Frameworks";
				PRODUCT_BUNDLE_IDENTIFIER = com.arthurdearaujo.boyz;
				PRODUCT_NAME = "$(TARGET_NAME)";
				SWIFT_VERSION = 3.0;
			};
			name = Release;
		};
		CA772DDF1E57F3870017EC0B /* Debug */ = {
			isa = XCBuildConfiguration;
			buildSettings = {
				ALWAYS_EMBED_SWIFT_STANDARD_LIBRARIES = YES;
				BUNDLE_LOADER = "$(TEST_HOST)";
				DEVELOPMENT_TEAM = DTD828FQW2;
				INFOPLIST_FILE = boyzTests/Info.plist;
				LD_RUNPATH_SEARCH_PATHS = "$(inherited) @executable_path/Frameworks @loader_path/Frameworks";
				PRODUCT_BUNDLE_IDENTIFIER = com.arthur.boyzTests;
				PRODUCT_NAME = "$(TARGET_NAME)";
				SWIFT_VERSION = 3.0;
				TEST_HOST = "$(BUILT_PRODUCTS_DIR)/boyz.app/boyz";
			};
			name = Debug;
		};
		CA772DE01E57F3870017EC0B /* Release */ = {
			isa = XCBuildConfiguration;
			buildSettings = {
				ALWAYS_EMBED_SWIFT_STANDARD_LIBRARIES = YES;
				BUNDLE_LOADER = "$(TEST_HOST)";
				DEVELOPMENT_TEAM = DTD828FQW2;
				INFOPLIST_FILE = boyzTests/Info.plist;
				LD_RUNPATH_SEARCH_PATHS = "$(inherited) @executable_path/Frameworks @loader_path/Frameworks";
				PRODUCT_BUNDLE_IDENTIFIER = com.arthur.boyzTests;
				PRODUCT_NAME = "$(TARGET_NAME)";
				SWIFT_VERSION = 3.0;
				TEST_HOST = "$(BUILT_PRODUCTS_DIR)/boyz.app/boyz";
			};
			name = Release;
		};
		CA772DE21E57F3870017EC0B /* Debug */ = {
			isa = XCBuildConfiguration;
			buildSettings = {
				ALWAYS_EMBED_SWIFT_STANDARD_LIBRARIES = YES;
				DEVELOPMENT_TEAM = DTD828FQW2;
				INFOPLIST_FILE = boyzUITests/Info.plist;
				LD_RUNPATH_SEARCH_PATHS = "$(inherited) @executable_path/Frameworks @loader_path/Frameworks";
				PRODUCT_BUNDLE_IDENTIFIER = com.arthur.boyzUITests;
				PRODUCT_NAME = "$(TARGET_NAME)";
				SWIFT_VERSION = 3.0;
				TEST_TARGET_NAME = boyz;
			};
			name = Debug;
		};
		CA772DE31E57F3870017EC0B /* Release */ = {
			isa = XCBuildConfiguration;
			buildSettings = {
				ALWAYS_EMBED_SWIFT_STANDARD_LIBRARIES = YES;
				DEVELOPMENT_TEAM = DTD828FQW2;
				INFOPLIST_FILE = boyzUITests/Info.plist;
				LD_RUNPATH_SEARCH_PATHS = "$(inherited) @executable_path/Frameworks @loader_path/Frameworks";
				PRODUCT_BUNDLE_IDENTIFIER = com.arthur.boyzUITests;
				PRODUCT_NAME = "$(TARGET_NAME)";
				SWIFT_VERSION = 3.0;
				TEST_TARGET_NAME = boyz;
			};
			name = Release;
		};
/* End XCBuildConfiguration section */

/* Begin XCConfigurationList section */
		CA772DAE1E57F3870017EC0B /* Build configuration list for PBXProject "boyz" */ = {
			isa = XCConfigurationList;
			buildConfigurations = (
				CA772DD91E57F3870017EC0B /* Debug */,
				CA772DDA1E57F3870017EC0B /* Release */,
			);
			defaultConfigurationIsVisible = 0;
			defaultConfigurationName = Release;
		};
		CA772DDB1E57F3870017EC0B /* Build configuration list for PBXNativeTarget "boyz" */ = {
			isa = XCConfigurationList;
			buildConfigurations = (
				CA772DDC1E57F3870017EC0B /* Debug */,
				CA772DDD1E57F3870017EC0B /* Release */,
			);
			defaultConfigurationIsVisible = 0;
			defaultConfigurationName = Release;
		};
		CA772DDE1E57F3870017EC0B /* Build configuration list for PBXNativeTarget "boyzTests" */ = {
			isa = XCConfigurationList;
			buildConfigurations = (
				CA772DDF1E57F3870017EC0B /* Debug */,
				CA772DE01E57F3870017EC0B /* Release */,
			);
			defaultConfigurationIsVisible = 0;
			defaultConfigurationName = Release;
		};
		CA772DE11E57F3870017EC0B /* Build configuration list for PBXNativeTarget "boyzUITests" */ = {
			isa = XCConfigurationList;
			buildConfigurations = (
				CA772DE21E57F3870017EC0B /* Debug */,
				CA772DE31E57F3870017EC0B /* Release */,
			);
			defaultConfigurationIsVisible = 0;
			defaultConfigurationName = Release;
		};
/* End XCConfigurationList section */
	};
	rootObject = CA772DAB1E57F3870017EC0B /* Project object */;
}
